{
  "originHash" : "c5fbbbd3ef8ba5e32d80e2d903a0b7ce9dafcc3ac3c9e50353a00c46b676d615",
  "pins" : [
    {
      "identity" : "swiftstylekit",
      "kind" : "remoteSourceControl",
      "location" : "https://github.com/UnpxreTW/SwiftStyleKit.git",
      "state" : {
        "revision" : "8eb6ec1a89da5d9ea60cdf9404344aaafdbf3e4c",
        "version" : "2.0.1"
      }
    }
  ],
  "version" : 3
}
